
Microsoft Visual Studio Solution File, Format Version 12.00
# Visual Studio Version 17
VisualStudioVersion = 17.0.31903.59
MinimumVisualStudioVersion = 10.0.40219.1
Project("{2150E333-8FDC-42A3-9474-1A3956D46DE8}") = "src", "src", "{827E0CD3-B72D-47B6-A68D-7590B98EB39B}"
EndProject
Project("{FAE04EC0-301F-11D3-BF4B-00C04F79EFBC}") = "Veya.Shared", "src\Veya.Shared\Veya.Shared.csproj", "{9DEEA5CC-0708-40EE-9215-6D5EAC1393F9}"
EndProject
Project("{FAE04EC0-301F-11D3-BF4B-00C04F79EFBC}") = "Veya.Daemon", "src\Veya.Daemon\Veya.Daemon.csproj", "{319791BC-67A4-4ECE-8068-9548F2DBBAE2}"
EndProject
Project("{FAE04EC0-301F-11D3-BF4B-00C04F79EFBC}") = "Veya.McpServer", "src\Veya.McpServer\Veya.McpServer.csproj", "{CE2FB4E3-B89A-4F7D-97EE-0F97C1389A58}"
EndProject
Project("{2150E333-8FDC-42A3-9474-1A3956D46DE8}") = "tests", "tests", "{0AB3BF05-4346-4AA6-1389-037BE0695223}"
EndProject
Project("{FAE04EC0-301F-11D3-BF4B-00C04F79EFBC}") = "Veya.Shared.Tests", "tests\Veya.Shared.Tests\Veya.Shared.Tests.csproj", "{3592C302-65F8-4176-9D88-E8F2CB57C507}"
EndProject
Project("{FAE04EC0-301F-11D3-BF4B-00C04F79EFBC}") = "Veya.Daemon.Tests", "tests\Veya.Daemon.Tests\Veya.Daemon.Tests.csproj", "{B5E6F002-72D5-48F7-B7ED-9E01FF6C558D}"
EndProject
Project("{FAE04EC0-301F-11D3-BF4B-00C04F79EFBC}") = "Veya.McpServer.Tests", "tests\Veya.McpServer.Tests\Veya.McpServer.Tests.csproj", "{7D174CA1-0010-4E03-836E-DA64DB3AFC67}"
EndProject
Project("{FAE04EC0-301F-11D3-BF4B-00C04F79EFBC}") = "Veya.Overlay", "src\Veya.Overlay\Veya.Overlay.csproj", "{8DF6EF8F-A6B2-400A-B781-5A362205BB3C}"
EndProject
Project("{FAE04EC0-301F-11D3-BF4B-00C04F79EFBC}") = "Veya.Overlay.Tests", "tests\Veya.Overlay.Tests\Veya.Overlay.Tests.csproj", "{DE5512E6-4ED5-4B5C-974D-80FBD78A38C8}"
EndProject
Global
	GlobalSection(SolutionConfigurationPlatforms) = preSolution
		Debug|Any CPU = Debug|Any CPU
		Debug|x64 = Debug|x64
		Debug|x86 = Debug|x86
		Release|Any CPU = Release|Any CPU
		Release|x64 = Release|x64
		Release|x86 = Release|x86
	EndGlobalSection
	GlobalSection(ProjectConfigurationPlatforms) = postSolution
		{9DEEA5CC-0708-40EE-9215-6D5EAC1393F9}.Debug|Any CPU.ActiveCfg = Debug|Any CPU
		{9DEEA5CC-0708-40EE-9215-6D5EAC1393F9}.Debug|Any CPU.Build.0 = Debug|Any CPU
		{9DEEA5CC-0708-40EE-9215-6D5EAC1393F9}.Debug|x64.ActiveCfg = Debug|Any CPU
		{9DEEA5CC-0708-40EE-9215-6D5EAC1393F9}.Debug|x64.Build.0 = Debug|Any CPU
		{9DEEA5CC-0708-40EE-9215-6D5EAC1393F9}.Debug|x86.ActiveCfg = Debug|Any CPU
		{9DEEA5CC-0708-40EE-9215-6D5EAC1393F9}.Debug|x86.Build.0 = Debug|Any CPU
		{9DEEA5CC-0708-40EE-9215-6D5EAC1393F9}.Release|Any CPU.ActiveCfg = Release|Any CPU
		{9DEEA5CC-0708-40EE-9215-6D5EAC1393F9}.Release|Any CPU.Build.0 = Release|Any CPU
		{9DEEA5CC-0708-40EE-9215-6D5EAC1393F9}.Release|x64.ActiveCfg = Release|Any CPU
		{9DEEA5CC-0708-40EE-9215-6D5EAC1393F9}.Release|x64.Build.0 = Release|Any CPU
		{9DEEA5CC-0708-40EE-9215-6D5EAC1393F9}.Release|x86.ActiveCfg = Release|Any CPU
		{9DEEA5CC-0708-40EE-9215-6D5EAC1393F9}.Release|x86.Build.0 = Release|Any CPU
		{319791BC-67A4-4ECE-8068-9548F2DBBAE2}.Debug|Any CPU.ActiveCfg = Debug|Any CPU
		{319791BC-67A4-4ECE-8068-9548F2DBBAE2}.Debug|Any CPU.Build.0 = Debug|Any CPU
		{319791BC-67A4-4ECE-8068-9548F2DBBAE2}.Debug|x64.ActiveCfg = Debug|Any CPU
		{319791BC-67A4-4ECE-8068-9548F2DBBAE2}.Debug|x64.Build.0 = Debug|Any CPU
		{319791BC-67A4-4ECE-8068-9548F2DBBAE2}.Debug|x86.ActiveCfg = Debug|Any CPU
		{319791BC-67A4-4ECE-8068-9548F2DBBAE2}.Debug|x86.Build.0 = Debug|Any CPU
		{319791BC-67A4-4ECE-8068-9548F2DBBAE2}.Release|Any CPU.ActiveCfg = Release|Any CPU
		{319791BC-67A4-4ECE-8068-9548F2DBBAE2}.Release|Any CPU.Build.0 = Release|Any CPU
		{319791BC-67A4-4ECE-8068-9548F2DBBAE2}.Release|x64.ActiveCfg = Release|Any CPU
		{319791BC-67A4-4ECE-8068-9548F2DBBAE2}.Release|x64.Build.0 = Release|Any CPU
		{319791BC-67A4-4ECE-8068-9548F2DBBAE2}.Release|x86.ActiveCfg = Release|Any CPU
		{319791BC-67A4-4ECE-8068-9548F2DBBAE2}.Release|x86.Build.0 = Release|Any CPU
		{CE2FB4E3-B89A-4F7D-97EE-0F97C1389A58}.Debug|Any CPU.ActiveCfg = Debug|Any CPU
		{CE2FB4E3-B89A-4F7D-97EE-0F97C1389A58}.Debug|Any CPU.Build.0 = Debug|Any CPU
		{CE2FB4E3-B89A-4F7D-97EE-0F97C1389A58}.Debug|x64.ActiveCfg = Debug|Any CPU
		{CE2FB4E3-B89A-4F7D-97EE-0F97C1389A58}.Debug|x64.Build.0 = Debug|Any CPU
		{CE2FB4E3-B89A-4F7D-97EE-0F97C1389A58}.Debug|x86.ActiveCfg = Debug|Any CPU
		{CE2FB4E3-B89A-4F7D-97EE-0F97C1389A58}.Debug|x86.Build.0 = Debug|Any CPU
		{CE2FB4E3-B89A-4F7D-97EE-0F97C1389A58}.Release|Any CPU.ActiveCfg = Release|Any CPU
		{CE2FB4E3-B89A-4F7D-97EE-0F97C1389A58}.Release|Any CPU.Build.0 = Release|Any CPU
		{CE2FB4E3-B89A-4F7D-97EE-0F97C1389A58}.Release|x64.ActiveCfg = Release|Any CPU
		{CE2FB4E3-B89A-4F7D-97EE-0F97C1389A58}.Release|x64.Build.0 = Release|Any CPU
		{CE2FB4E3-B89A-4F7D-97EE-0F97C1389A58}.Release|x86.ActiveCfg = Release|Any CPU
		{CE2FB4E3-B89A-4F7D-97EE-0F97C1389A58}.Release|x86.Build.0 = Release|Any CPU
		{3592C302-65F8-4176-9D88-E8F2CB57C507}.Debug|Any CPU.ActiveCfg = Debug|Any CPU
		{3592C302-65F8-4176-9D88-E8F2CB57C507}.Debug|Any CPU.Build.0 = Debug|Any CPU
		{3592C302-65F8-4176-9D88-E8F2CB57C507}.Debug|x64.ActiveCfg = Debug|Any CPU
		{3592C302-65F8-4176-9D88-E8F2CB57C507}.Debug|x64.Build.0 = Debug|Any CPU
		{3592C302-65F8-4176-9D88-E8F2CB57C507}.Debug|x86.ActiveCfg = Debug|Any CPU
		{3592C302-65F8-4176-9D88-E8F2CB57C507}.Debug|x86.Build.0 = Debug|Any CPU
		{3592C302-65F8-4176-9D88-E8F2CB57C507}.Release|Any CPU.ActiveCfg = Release|Any CPU
		{3592C302-65F8-4176-9D88-E8F2CB57C507}.Release|Any CPU.Build.0 = Release|Any CPU
		{3592C302-65F8-4176-9D88-E8F2CB57C507}.Release|x64.ActiveCfg = Release|Any CPU
		{3592C302-65F8-4176-9D88-E8F2CB57C507}.Release|x64.Build.0 = Release|Any CPU
		{3592C302-65F8-4176-9D88-E8F2CB57C507}.Release|x86.ActiveCfg = Release|Any CPU
		{3592C302-65F8-4176-9D88-E8F2CB57C507}.Release|x86.Build.0 = Release|Any CPU
		{B5E6F002-72D5-48F7-B7ED-9E01FF6C558D}.Debug|Any CPU.ActiveCfg = Debug|Any CPU
		{B5E6F002-72D5-48F7-B7ED-9E01FF6C558D}.Debug|Any CPU.Build.0 = Debug|Any CPU
		{B5E6F002-72D5-48F7-B7ED-9E01FF6C558D}.Debug|x64.ActiveCfg = Debug|Any CPU
		{B5E6F002-72D5-48F7-B7ED-9E01FF6C558D}.Debug|x64.Build.0 = Debug|Any CPU
		{B5E6F002-72D5-48F7-B7ED-9E01FF6C558D}.Debug|x86.ActiveCfg = Debug|Any CPU
		{B5E6F002-72D5-48F7-B7ED-9E01FF6C558D}.Debug|x86.Build.0 = Debug|Any CPU
		{B5E6F002-72D5-48F7-B7ED-9E01FF6C558D}.Release|Any CPU.ActiveCfg = Release|Any CPU
		{B5E6F002-72D5-48F7-B7ED-9E01FF6C558D}.Release|Any CPU.Build.0 = Release|Any CPU
		{B5E6F002-72D5-48F7-B7ED-9E01FF6C558D}.Release|x64.ActiveCfg = Release|Any CPU
		{B5E6F002-72D5-48F7-B7ED-9E01FF6C558D}.Release|x64.Build.0 = Release|Any CPU
		{B5E6F002-72D5-48F7-B7ED-9E01FF6C558D}.Release|x86.ActiveCfg = Release|Any CPU
		{B5E6F002-72D5-48F7-B7ED-9E01FF6C558D}.Release|x86.Build.0 = Release|Any CPU
		{7D174CA1-0010-4E03-836E-DA64DB3AFC67}.Debug|Any CPU.ActiveCfg = Debug|Any CPU
		{7D174CA1-0010-4E03-836E-DA64DB3AFC67}.Debug|Any CPU.Build.0 = Debug|Any CPU
		{7D174CA1-0010-4E03-836E-DA64DB3AFC67}.Debug|x64.ActiveCfg = Debug|Any CPU
		{7D174CA1-0010-4E03-836E-DA64DB3AFC67}.Debug|x64.Build.0 = Debug|Any CPU
		{7D174CA1-0010-4E03-836E-DA64DB3AFC67}.Debug|x86.ActiveCfg = Debug|Any CPU
		{7D174CA1-0010-4E03-836E-DA64DB3AFC67}.Debug|x86.Build.0 = Debug|Any CPU
		{7D174CA1-0010-4E03-836E-DA64DB3AFC67}.Release|Any CPU.ActiveCfg = Release|Any CPU
		{7D174CA1-0010-4E03-836E-DA64DB3AFC67}.Release|Any CPU.Build.0 = Release|Any CPU
		{7D174CA1-0010-4E03-836E-DA64DB3AFC67}.Release|x64.ActiveCfg = Release|Any CPU
		{7D174CA1-0010-4E03-836E-DA64DB3AFC67}.Release|x64.Build.0 = Release|Any CPU
		{7D174CA1-0010-4E03-836E-DA64DB3AFC67}.Release|x86.ActiveCfg = Release|Any CPU
		{7D174CA1-0010-4E03-836E-DA64DB3AFC67}.Release|x86.Build.0 = Release|Any CPU
		{8DF6EF8F-A6B2-400A-B781-5A362205BB3C}.Debug|Any CPU.ActiveCfg = Debug|Any CPU
		{8DF6EF8F-A6B2-400A-B781-5A362205BB3C}.Debug|Any CPU.Build.0 = Debug|Any CPU
		{8DF6EF8F-A6B2-400A-B781-5A362205BB3C}.Debug|x64.ActiveCfg = Debug|Any CPU
		{8DF6EF8F-A6B2-400A-B781-5A362205BB3C}.Debug|x64.Build.0 = Debug|Any CPU
		{8DF6EF8F-A6B2-400A-B781-5A362205BB3C}.Debug|x86.ActiveCfg = Debug|Any CPU
		{8DF6EF8F-A6B2-400A-B781-5A362205BB3C}.Debug|x86.Build.0 = Debug|Any CPU
		{8DF6EF8F-A6B2-400A-B781-5A362205BB3C}.Release|Any CPU.ActiveCfg = Release|Any CPU
		{8DF6EF8F-A6B2-400A-B781-5A362205BB3C}.Release|Any CPU.Build.0 = Release|Any CPU
		{8DF6EF8F-A6B2-400A-B781-5A362205BB3C}.Release|x64.ActiveCfg = Release|Any CPU
		{8DF6EF8F-A6B2-400A-B781-5A362205BB3C}.Release|x64.Build.0 = Release|Any CPU
		{8DF6EF8F-A6B2-400A-B781-5A362205BB3C}.Release|x86.ActiveCfg = Release|Any CPU
		{8DF6EF8F-A6B2-400A-B781-5A362205BB3C}.Release|x86.Build.0 = Release|Any CPU
		{DE5512E6-4ED5-4B5C-974D-80FBD78A38C8}.Debug|Any CPU.ActiveCfg = Debug|Any CPU
		{DE5512E6-4ED5-4B5C-974D-80FBD78A38C8}.Debug|Any CPU.Build.0 = Debug|Any CPU
		{DE5512E6-4ED5-4B5C-974D-80FBD78A38C8}.Debug|x64.ActiveCfg = Debug|Any CPU
		{DE5512E6-4ED5-4B5C-974D-80FBD78A38C8}.Debug|x64.Build.0 = Debug|Any CPU
		{DE5512E6-4ED5-4B5C-974D-80FBD78A38C8}.Debug|x86.ActiveCfg = Debug|Any CPU
		{DE5512E6-4ED5-4B5C-974D-80FBD78A38C8}.Debug|x86.Build.0 = Debug|Any CPU
		{DE5512E6-4ED5-4B5C-974D-80FBD78A38C8}.Release|Any CPU.ActiveCfg = Release|Any CPU
		{DE5512E6-4ED5-4B5C-974D-80FBD78A38C8}.Release|Any CPU.Build.0 = Release|Any CPU
		{DE5512E6-4ED5-4B5C-974D-80FBD78A38C8}.Release|x64.ActiveCfg = Release|Any CPU
		{DE5512E6-4ED5-4B5C-974D-80FBD78A38C8}.Release|x64.Build.0 = Release|Any CPU
		{DE5512E6-4ED5-4B5C-974D-80FBD78A38C8}.Release|x86.ActiveCfg = Release|Any CPU
		{DE5512E6-4ED5-4B5C-974D-80FBD78A38C8}.Release|x86.Build.0 = Release|Any CPU
	EndGlobalSection
	GlobalSection(SolutionProperties) = preSolution
		HideSolutionNode = FALSE
	EndGlobalSection
	GlobalSection(NestedProjects) = preSolution
		{9DEEA5CC-0708-40EE-9215-6D5EAC1393F9} = {827E0CD3-B72D-47B6-A68D-7590B98EB39B}
		{319791BC-67A4-4ECE-8068-9548F2DBBAE2} = {827E0CD3-B72D-47B6-A68D-7590B98EB39B}
		{CE2FB4E3-B89A-4F7D-97EE-0F97C1389A58} = {827E0CD3-B72D-47B6-A68D-7590B98EB39B}
		{3592C302-65F8-4176-9D88-E8F2CB57C507} = {0AB3BF05-4346-4AA6-1389-037BE0695223}
		{B5E6F002-72D5-48F7-B7ED-9E01FF6C558D} = {0AB3BF05-4346-4AA6-1389-037BE0695223}
		{7D174CA1-0010-4E03-836E-DA64DB3AFC67} = {0AB3BF05-4346-4AA6-1389-037BE0695223}
		{8DF6EF8F-A6B2-400A-B781-5A362205BB3C} = {827E0CD3-B72D-47B6-A68D-7590B98EB39B}
		{DE5512E6-4ED5-4B5C-974D-80FBD78A38C8} = {0AB3BF05-4346-4AA6-1389-037BE0695223}
	EndGlobalSection
EndGlobal
